
Microsoft Visual Studio Solution File, Format Version 12.00
# Visual Studio Version 17
VisualStudioVersion = 17.14.36414.22 d17.14
MinimumVisualStudioVersion = 10.0.40219.1
Project("{FAE04EC0-301F-11D3-BF4B-00C04F79EFBC}") = "TPulseTrainer", "TPulseTrainer\TPulseTrainer.csproj", "{5525E9E9-3432-44E2-85DE-1C89E991C1D8}"
EndProject
Project("{FAE04EC0-301F-11D3-BF4B-00C04F79EFBC}") = "TPulseClient", "TPulseClient\TPulseClient.csproj", "{B2639A9B-4018-41AE-846A-BF7496E7F6B8}"
EndProject
Global
	GlobalSection(SolutionConfigurationPlatforms) = preSolution
		Debug|Any CPU = Debug|Any CPU
		Release|Any CPU = Release|Any CPU
	EndGlobalSection
	GlobalSection(ProjectConfigurationPlatforms) = postSolution
		{5525E9E9-3432-44E2-85DE-1C89E991C1D8}.Debug|Any CPU.ActiveCfg = Debug|Any CPU
		{5525E9E9-3432-44E2-85DE-1C89E991C1D8}.Debug|Any CPU.Build.0 = Debug|Any CPU
		{5525E9E9-3432-44E2-85DE-1C89E991C1D8}.Release|Any CPU.ActiveCfg = Release|Any CPU
		{5525E9E9-3432-44E2-85DE-1C89E991C1D8}.Release|Any CPU.Build.0 = Release|Any CPU
		{B2639A9B-4018-41AE-846A-BF7496E7F6B8}.Debug|Any CPU.ActiveCfg = Debug|Any CPU
		{B2639A9B-4018-41AE-846A-BF7496E7F6B8}.Debug|Any CPU.Build.0 = Debug|Any CPU
		{B2639A9B-4018-41AE-846A-BF7496E7F6B8}.Release|Any CPU.ActiveCfg = Release|Any CPU
		{B2639A9B-4018-41AE-846A-BF7496E7F6B8}.Release|Any CPU.Build.0 = Release|Any CPU
	EndGlobalSection
	GlobalSection(SolutionProperties) = preSolution
		HideSolutionNode = FALSE
	EndGlobalSection
	GlobalSection(ExtensibilityGlobals) = postSolution
		SolutionGuid = {97476022-C297-4061-9A34-70F724723CC8}
	EndGlobalSection
EndGlobal
