
Microsoft Visual Studio Solution File, Format Version 12.00
# Visual Studio Version 18
VisualStudioVersion = 18.4.11605.240
MinimumVisualStudioVersion = 10.0.40219.1
Project("{FAE04EC0-301F-11D3-BF4B-00C04F79EFBC}") = "TPulse.Client", "TPulse.Client\TPulse.Client.csproj", "{53245901-F6D2-38DD-83F9-11DF8D66B706}"
EndProject
Project("{FAE04EC0-301F-11D3-BF4B-00C04F79EFBC}") = "TPulse.Trainer", "TPulse.Trainer\TPulse.Trainer.csproj", "{1F61C5A0-9DB3-01C2-B432-7C7126D499DB}"
EndProject
Project("{2150E333-8FDC-42A3-9474-1A3956D46DE8}") = "Элементы решения", "Элементы решения", "{754FC069-D67B-A9D7-50A1-8D1CA196D8F1}"
	ProjectSection(SolutionItems) = preProject
		README.md = README.md
	EndProjectSection
EndProject
Project("{2150E333-8FDC-42A3-9474-1A3956D46DE8}") = "src", "src", "{36D591C7-65C7-A0D1-1CBC-10CDE441BDC8}"
EndProject
Project("{2150E333-8FDC-42A3-9474-1A3956D46DE8}") = "Tpulse", "Tpulse", "{3F6A0F68-5D27-46BE-95CC-0E2D6B67B93D}"
EndProject
Project("{FAE04EC0-301F-11D3-BF4B-00C04F79EFBC}") = "FaG.Data", "FaG.Data\FaG.Data.csproj", "{82BD3D67-1E98-8E88-F9F9-BDBBF6D48439}"
EndProject
Project("{FAE04EC0-301F-11D3-BF4B-00C04F79EFBC}") = "FaG.EmotionApi", "FaG.EmotionApi\FaG.EmotionApi.csproj", "{36DD2948-06ED-C6B2-903E-21EB0938BDAA}"
EndProject
Project("{FAE04EC0-301F-11D3-BF4B-00C04F79EFBC}") = "FaG.ML", "FaG.ML\FaG.ML.csproj", "{E0B41F45-C781-880D-3C32-EAF983489BC4}"
EndProject
Project("{FAE04EC0-301F-11D3-BF4B-00C04F79EFBC}") = "FaG.Scheduler", "FaG.Scheduler\FaG.Scheduler.csproj", "{1D476849-AE77-6CD9-331B-CA4B200C5DAA}"
EndProject
Project("{2150E333-8FDC-42A3-9474-1A3956D46DE8}") = "Solution Items", "Solution Items", "{7BEDF620-B60D-43E9-B325-F809386C26B4}"
EndProject
Project("{E53339B2-1760-4266-BCC7-CA923CBCF16C}") = "docker-compose", "docker-compose.dcproj", "{81DDED9D-158B-E303-5F62-77A2896D2A5A}"
EndProject
Project("{FAE04EC0-301F-11D3-BF4B-00C04F79EFBC}") = "FaG.Dashboard", "FaG.Dashboard\FaG.Dashboard.csproj", "{9BB9B58A-F05B-4FFF-ABB0-60F1981E33DC}"
EndProject
Global
	GlobalSection(SolutionConfigurationPlatforms) = preSolution
		Debug|Any CPU = Debug|Any CPU
		Release|Any CPU = Release|Any CPU
	EndGlobalSection
	GlobalSection(ProjectConfigurationPlatforms) = postSolution
		{53245901-F6D2-38DD-83F9-11DF8D66B706}.Debug|Any CPU.ActiveCfg = Debug|Any CPU
		{53245901-F6D2-38DD-83F9-11DF8D66B706}.Debug|Any CPU.Build.0 = Debug|Any CPU
		{53245901-F6D2-38DD-83F9-11DF8D66B706}.Release|Any CPU.ActiveCfg = Release|Any CPU
		{53245901-F6D2-38DD-83F9-11DF8D66B706}.Release|Any CPU.Build.0 = Release|Any CPU
		{1F61C5A0-9DB3-01C2-B432-7C7126D499DB}.Debug|Any CPU.ActiveCfg = Debug|Any CPU
		{1F61C5A0-9DB3-01C2-B432-7C7126D499DB}.Debug|Any CPU.Build.0 = Debug|Any CPU
		{1F61C5A0-9DB3-01C2-B432-7C7126D499DB}.Release|Any CPU.ActiveCfg = Release|Any CPU
		{1F61C5A0-9DB3-01C2-B432-7C7126D499DB}.Release|Any CPU.Build.0 = Release|Any CPU
		{82BD3D67-1E98-8E88-F9F9-BDBBF6D48439}.Debug|Any CPU.ActiveCfg = Debug|Any CPU
		{82BD3D67-1E98-8E88-F9F9-BDBBF6D48439}.Debug|Any CPU.Build.0 = Debug|Any CPU
		{82BD3D67-1E98-8E88-F9F9-BDBBF6D48439}.Release|Any CPU.ActiveCfg = Release|Any CPU
		{82BD3D67-1E98-8E88-F9F9-BDBBF6D48439}.Release|Any CPU.Build.0 = Release|Any CPU
		{36DD2948-06ED-C6B2-903E-21EB0938BDAA}.Debug|Any CPU.ActiveCfg = Debug|Any CPU
		{36DD2948-06ED-C6B2-903E-21EB0938BDAA}.Debug|Any CPU.Build.0 = Debug|Any CPU
		{36DD2948-06ED-C6B2-903E-21EB0938BDAA}.Release|Any CPU.ActiveCfg = Release|Any CPU
		{36DD2948-06ED-C6B2-903E-21EB0938BDAA}.Release|Any CPU.Build.0 = Release|Any CPU
		{E0B41F45-C781-880D-3C32-EAF983489BC4}.Debug|Any CPU.ActiveCfg = Debug|Any CPU
		{E0B41F45-C781-880D-3C32-EAF983489BC4}.Debug|Any CPU.Build.0 = Debug|Any CPU
		{E0B41F45-C781-880D-3C32-EAF983489BC4}.Release|Any CPU.ActiveCfg = Release|Any CPU
		{E0B41F45-C781-880D-3C32-EAF983489BC4}.Release|Any CPU.Build.0 = Release|Any CPU
		{1D476849-AE77-6CD9-331B-CA4B200C5DAA}.Debug|Any CPU.ActiveCfg = Debug|Any CPU
		{1D476849-AE77-6CD9-331B-CA4B200C5DAA}.Debug|Any CPU.Build.0 = Debug|Any CPU
		{1D476849-AE77-6CD9-331B-CA4B200C5DAA}.Release|Any CPU.ActiveCfg = Release|Any CPU
		{1D476849-AE77-6CD9-331B-CA4B200C5DAA}.Release|Any CPU.Build.0 = Release|Any CPU
		{81DDED9D-158B-E303-5F62-77A2896D2A5A}.Debug|Any CPU.ActiveCfg = Debug|Any CPU
		{81DDED9D-158B-E303-5F62-77A2896D2A5A}.Debug|Any CPU.Build.0 = Debug|Any CPU
		{81DDED9D-158B-E303-5F62-77A2896D2A5A}.Release|Any CPU.ActiveCfg = Release|Any CPU
		{81DDED9D-158B-E303-5F62-77A2896D2A5A}.Release|Any CPU.Build.0 = Release|Any CPU
		{9BB9B58A-F05B-4FFF-ABB0-60F1981E33DC}.Debug|Any CPU.ActiveCfg = Debug|Any CPU
		{9BB9B58A-F05B-4FFF-ABB0-60F1981E33DC}.Debug|Any CPU.Build.0 = Debug|Any CPU
		{9BB9B58A-F05B-4FFF-ABB0-60F1981E33DC}.Release|Any CPU.ActiveCfg = Release|Any CPU
		{9BB9B58A-F05B-4FFF-ABB0-60F1981E33DC}.Release|Any CPU.Build.0 = Release|Any CPU
	EndGlobalSection
	GlobalSection(SolutionProperties) = preSolution
		HideSolutionNode = FALSE
	EndGlobalSection
	GlobalSection(NestedProjects) = preSolution
		{53245901-F6D2-38DD-83F9-11DF8D66B706} = {3F6A0F68-5D27-46BE-95CC-0E2D6B67B93D}
		{1F61C5A0-9DB3-01C2-B432-7C7126D499DB} = {3F6A0F68-5D27-46BE-95CC-0E2D6B67B93D}
		{3F6A0F68-5D27-46BE-95CC-0E2D6B67B93D} = {36D591C7-65C7-A0D1-1CBC-10CDE441BDC8}
		{82BD3D67-1E98-8E88-F9F9-BDBBF6D48439} = {36D591C7-65C7-A0D1-1CBC-10CDE441BDC8}
		{36DD2948-06ED-C6B2-903E-21EB0938BDAA} = {36D591C7-65C7-A0D1-1CBC-10CDE441BDC8}
		{E0B41F45-C781-880D-3C32-EAF983489BC4} = {36D591C7-65C7-A0D1-1CBC-10CDE441BDC8}
		{1D476849-AE77-6CD9-331B-CA4B200C5DAA} = {36D591C7-65C7-A0D1-1CBC-10CDE441BDC8}
		{9BB9B58A-F05B-4FFF-ABB0-60F1981E33DC} = {36D591C7-65C7-A0D1-1CBC-10CDE441BDC8}
	EndGlobalSection
	GlobalSection(ExtensibilityGlobals) = postSolution
		SolutionGuid = {97476022-C297-4061-9A34-70F724723CC8}
	EndGlobalSection
EndGlobal
